
Microsoft Visual Studio Solution File, Format Version 12.00
# Visual Studio 2012
Project("{FAE04EC0-301F-11D3-BF4B-00C04F79EFBC}") = "ProctoSaludOcupacional", "ProctoSaludOcupacional\ProctoSaludOcupacional.csproj", "{4DCCBEE0-FF9A-4951-B615-E36DB3F81D73}"
EndProject
Project("{FAE04EC0-301F-11D3-BF4B-00C04F79EFBC}") = "SaludOcupacional", "SaludOcupacional\SaludOcupacional.csproj", "{291AD9F2-744F-4C99-B1C7-2F46AF5B454E}"
EndProject
Global
	GlobalSection(SolutionConfigurationPlatforms) = preSolution
		Debug|Any CPU = Debug|Any CPU
		Release|Any CPU = Release|Any CPU
	EndGlobalSection
	GlobalSection(ProjectConfigurationPlatforms) = postSolution
		{4DCCBEE0-FF9A-4951-B615-E36DB3F81D73}.Debug|Any CPU.ActiveCfg = Debug|Any CPU
		{4DCCBEE0-FF9A-4951-B615-E36DB3F81D73}.Debug|Any CPU.Build.0 = Debug|Any CPU
		{4DCCBEE0-FF9A-4951-B615-E36DB3F81D73}.Release|Any CPU.ActiveCfg = Release|Any CPU
		{4DCCBEE0-FF9A-4951-B615-E36DB3F81D73}.Release|Any CPU.Build.0 = Release|Any CPU
		{291AD9F2-744F-4C99-B1C7-2F46AF5B454E}.Debug|Any CPU.ActiveCfg = Debug|Any CPU
		{291AD9F2-744F-4C99-B1C7-2F46AF5B454E}.Debug|Any CPU.Build.0 = Debug|Any CPU
		{291AD9F2-744F-4C99-B1C7-2F46AF5B454E}.Release|Any CPU.ActiveCfg = Release|Any CPU
		{291AD9F2-744F-4C99-B1C7-2F46AF5B454E}.Release|Any CPU.Build.0 = Release|Any CPU
	EndGlobalSection
	GlobalSection(SolutionProperties) = preSolution
		HideSolutionNode = FALSE
	EndGlobalSection
EndGlobal
